
Microsoft Visual Studio Solution File, Format Version 12.00
# Visual Studio Version 16
VisualStudioVersion = 16.0.30413.136
MinimumVisualStudioVersion = 10.0.40219.1
Project("{9A19103F-16F7-4668-BE54-9A1E7A4F7556}") = "Res.DomainLayer", "Res.DomainLayer\Res.DomainLayer.csproj", "{26B4CCD0-1720-4DDC-8E82-1E9B65349645}"
EndProject
Project("{9A19103F-16F7-4668-BE54-9A1E7A4F7556}") = "Res.Infra.DataLayer", "Res.Infra.DataLayer\Res.Infra.DataLayer.csproj", "{806A19B0-5407-43F6-8DC9-19E5F1062228}"
EndProject
Project("{9A19103F-16F7-4668-BE54-9A1E7A4F7556}") = "Res.ApplicationLayer", "Res.ApplicationLayer\Res.ApplicationLayer.csproj", "{AF080ECE-71E8-4ECB-BC34-0E270C112EF9}"
EndProject
Project("{9A19103F-16F7-4668-BE54-9A1E7A4F7556}") = "Res.InfraIoCLayer", "Res.InfraIoCLayer\Res.InfraIoCLayer.csproj", "{DE63C383-DBF2-4D4F-8CDA-8F156966AE22}"
EndProject
Global
	GlobalSection(SolutionConfigurationPlatforms) = preSolution
		Debug|Any CPU = Debug|Any CPU
		Release|Any CPU = Release|Any CPU
	EndGlobalSection
	GlobalSection(ProjectConfigurationPlatforms) = postSolution
		{26B4CCD0-1720-4DDC-8E82-1E9B65349645}.Debug|Any CPU.ActiveCfg = Debug|Any CPU
		{26B4CCD0-1720-4DDC-8E82-1E9B65349645}.Debug|Any CPU.Build.0 = Debug|Any CPU
		{26B4CCD0-1720-4DDC-8E82-1E9B65349645}.Release|Any CPU.ActiveCfg = Release|Any CPU
		{26B4CCD0-1720-4DDC-8E82-1E9B65349645}.Release|Any CPU.Build.0 = Release|Any CPU
		{806A19B0-5407-43F6-8DC9-19E5F1062228}.Debug|Any CPU.ActiveCfg = Debug|Any CPU
		{806A19B0-5407-43F6-8DC9-19E5F1062228}.Debug|Any CPU.Build.0 = Debug|Any CPU
		{806A19B0-5407-43F6-8DC9-19E5F1062228}.Release|Any CPU.ActiveCfg = Release|Any CPU
		{806A19B0-5407-43F6-8DC9-19E5F1062228}.Release|Any CPU.Build.0 = Release|Any CPU
		{AF080ECE-71E8-4ECB-BC34-0E270C112EF9}.Debug|Any CPU.ActiveCfg = Debug|Any CPU
		{AF080ECE-71E8-4ECB-BC34-0E270C112EF9}.Debug|Any CPU.Build.0 = Debug|Any CPU
		{AF080ECE-71E8-4ECB-BC34-0E270C112EF9}.Release|Any CPU.ActiveCfg = Release|Any CPU
		{AF080ECE-71E8-4ECB-BC34-0E270C112EF9}.Release|Any CPU.Build.0 = Release|Any CPU
		{DE63C383-DBF2-4D4F-8CDA-8F156966AE22}.Debug|Any CPU.ActiveCfg = Debug|Any CPU
		{DE63C383-DBF2-4D4F-8CDA-8F156966AE22}.Debug|Any CPU.Build.0 = Debug|Any CPU
		{DE63C383-DBF2-4D4F-8CDA-8F156966AE22}.Release|Any CPU.ActiveCfg = Release|Any CPU
		{DE63C383-DBF2-4D4F-8CDA-8F156966AE22}.Release|Any CPU.Build.0 = Release|Any CPU
	EndGlobalSection
	GlobalSection(SolutionProperties) = preSolution
		HideSolutionNode = FALSE
	EndGlobalSection
	GlobalSection(ExtensibilityGlobals) = postSolution
		SolutionGuid = {6630855D-D806-4BBB-A2B6-B23B07253648}
	EndGlobalSection
EndGlobal
